
Microsoft Visual Studio Solution File, Format Version 12.00
# Visual Studio Version 16
VisualStudioVersion = 16.0.29215.179
MinimumVisualStudioVersion = 10.0.40219.1
Project("{FAE04EC0-301F-11D3-BF4B-00C04F79EFBC}") = "Project1C", "Project1C.csproj", "{24233181-2AF3-4AAB-99A6-55D268FB5D2C}"
EndProject
Global
	GlobalSection(SolutionConfigurationPlatforms) = preSolution
		Debug|Any CPU = Debug|Any CPU
		Release|Any CPU = Release|Any CPU
	EndGlobalSection
	GlobalSection(ProjectConfigurationPlatforms) = postSolution
		{24233181-2AF3-4AAB-99A6-55D268FB5D2C}.Debug|Any CPU.ActiveCfg = Debug|Any CPU
		{24233181-2AF3-4AAB-99A6-55D268FB5D2C}.Debug|Any CPU.Build.0 = Debug|Any CPU
		{24233181-2AF3-4AAB-99A6-55D268FB5D2C}.Release|Any CPU.ActiveCfg = Release|Any CPU
		{24233181-2AF3-4AAB-99A6-55D268FB5D2C}.Release|Any CPU.Build.0 = Release|Any CPU
	EndGlobalSection
	GlobalSection(SolutionProperties) = preSolution
		HideSolutionNode = FALSE
	EndGlobalSection
	GlobalSection(ExtensibilityGlobals) = postSolution
		SolutionGuid = {14ED3F07-CFC8-4E7F-AD27-79E08D047DB4}
	EndGlobalSection
EndGlobal
